// !$*UTF8*$!
{
	archiveVersion = 1;
	classes = {
	};
	objectVersion = 46;
	objects = {

/* Begin PBXBuildFile section */
		5DD05F10CEAB269A7AD38DB4 /* Pods_CalmStopOfficer.framework in Frameworks */ = {isa = PBXBuildFile; fileRef = AF1A07AAD817478EB418A812 /* Pods_CalmStopOfficer.framework */; };
		680821981E64D1AF00F19570 /* RatingsTableViewCell.swift in Sources */ = {isa = PBXBuildFile; fileRef = 680821971E64D1AF00F19570 /* RatingsTableViewCell.swift */; };
		6808219E1E65181F00F19570 /* AccountTableViewCell.swift in Sources */ = {isa = PBXBuildFile; fileRef = 6808219D1E65181F00F19570 /* AccountTableViewCell.swift */; };
		680E8EAA1E56D5E2000508AF /* WelcomeViewController.swift in Sources */ = {isa = PBXBuildFile; fileRef = 680E8EA91E56D5E2000508AF /* WelcomeViewController.swift */; };
		68190FAE1EA95E8200CB9C79 /* ChatMessageCell.swift in Sources */ = {isa = PBXBuildFile; fileRef = 68190FAD1EA95E8200CB9C79 /* ChatMessageCell.swift */; };
		6820300A1E9C7BB5008F1A43 /* Slide.xib in Resources */ = {isa = PBXBuildFile; fileRef = 682030091E9C7BB5008F1A43 /* Slide.xib */; };
		6820300D1E9C7BD2008F1A43 /* Slide.swift in Sources */ = {isa = PBXBuildFile; fileRef = 6820300C1E9C7BD2008F1A43 /* Slide.swift */; };
		6820300F1E9CA058008F1A43 /* DocumentsViewController.swift in Sources */ = {isa = PBXBuildFile; fileRef = 6820300E1E9CA058008F1A43 /* DocumentsViewController.swift */; };
		683BD2FE1E9EC72B0009CC17 /* PopUpViewController.swift in Sources */ = {isa = PBXBuildFile; fileRef = 683BD2FD1E9EC72B0009CC17 /* PopUpViewController.swift */; };
		683DD9EF1E7A1FD1001E48C1 /* InitialResponseViewController.swift in Sources */ = {isa = PBXBuildFile; fileRef = 683DD9EE1E7A1FD1001E48C1 /* InitialResponseViewController.swift */; };
		683DD9F11E7A320D001E48C1 /* ProfileViewController.swift in Sources */ = {isa = PBXBuildFile; fileRef = 683DD9F01E7A320D001E48C1 /* ProfileViewController.swift */; };
		683FBE4B1E7890FF0018C6B6 /* RespondedViewController.swift in Sources */ = {isa = PBXBuildFile; fileRef = 683FBE4A1E7890FF0018C6B6 /* RespondedViewController.swift */; };
		687E23061EB81E90005BA967 /* RegisterBeaconViewController.swift in Sources */ = {isa = PBXBuildFile; fileRef = 687E23051EB81E90005BA967 /* RegisterBeaconViewController.swift */; };
		687E23081EB8FDD9005BA967 /* HomeViewController.swift in Sources */ = {isa = PBXBuildFile; fileRef = 687E23071EB8FDD9005BA967 /* HomeViewController.swift */; };
		688B11DB1E566EC200ED2EEF /* AppDelegate.swift in Sources */ = {isa = PBXBuildFile; fileRef = 688B11DA1E566EC200ED2EEF /* AppDelegate.swift */; };
		688B11DD1E566EC200ED2EEF /* ViewController.swift in Sources */ = {isa = PBXBuildFile; fileRef = 688B11DC1E566EC200ED2EEF /* ViewController.swift */; };
		688B11E01E566EC200ED2EEF /* Main.storyboard in Resources */ = {isa = PBXBuildFile; fileRef = 688B11DE1E566EC200ED2EEF /* Main.storyboard */; };
		688B11E31E566EC200ED2EEF /* CalmStopOfficer.xcdatamodeld in Sources */ = {isa = PBXBuildFile; fileRef = 688B11E11E566EC200ED2EEF /* CalmStopOfficer.xcdatamodeld */; };
		688B11E51E566EC200ED2EEF /* Assets.xcassets in Resources */ = {isa = PBXBuildFile; fileRef = 688B11E41E566EC200ED2EEF /* Assets.xcassets */; };
		688B11E81E566EC200ED2EEF /* LaunchScreen.storyboard in Resources */ = {isa = PBXBuildFile; fileRef = 688B11E61E566EC200ED2EEF /* LaunchScreen.storyboard */; };
		688B11F21E56770100ED2EEF /* SignUpViewController.swift in Sources */ = {isa = PBXBuildFile; fileRef = 688B11F11E56770100ED2EEF /* SignUpViewController.swift */; };
		688B11F41E568DF300ED2EEF /* GoogleService-Info.plist in Resources */ = {isa = PBXBuildFile; fileRef = 688B11F31E568DF300ED2EEF /* GoogleService-Info.plist */; };
		68966F0D1E57C81900159161 /* AccountViewController.swift in Sources */ = {isa = PBXBuildFile; fileRef = 68966F0C1E57C81900159161 /* AccountViewController.swift */; };
		6898B3E81EB2F5730012BD24 /* TableViewCell.swift in Sources */ = {isa = PBXBuildFile; fileRef = 6898B3E61EB2F5730012BD24 /* TableViewCell.swift */; };
		6898B3E91EB2F5730012BD24 /* TableViewCell.xib in Resources */ = {isa = PBXBuildFile; fileRef = 6898B3E71EB2F5730012BD24 /* TableViewCell.xib */; };
		6898B3EB1EB2F9870012BD24 /* StopsTableViewController.swift in Sources */ = {isa = PBXBuildFile; fileRef = 6898B3EA1EB2F9870012BD24 /* StopsTableViewController.swift */; };
		6898B3EE1EB31FEC0012BD24 /* Stop.swift in Sources */ = {isa = PBXBuildFile; fileRef = 6898B3ED1EB31FEC0012BD24 /* Stop.swift */; };
		68B6F34F1E5CD6E100723C17 /* RatingsViewController.swift in Sources */ = {isa = PBXBuildFile; fileRef = 68B6F34E1E5CD6E100723C17 /* RatingsViewController.swift */; };
		68C2A1D51EA5B51C006DF652 /* ChatViewController.swift in Sources */ = {isa = PBXBuildFile; fileRef = 68C2A1D41EA5B51C006DF652 /* ChatViewController.swift */; };
		68C2A1D71EA5D4F6006DF652 /* Message.swift in Sources */ = {isa = PBXBuildFile; fileRef = 68C2A1D61EA5D4F6006DF652 /* Message.swift */; };
		68C866E71EC056E2007BA88D /* EditProfileViewController.swift in Sources */ = {isa = PBXBuildFile; fileRef = 68C866E61EC056E2007BA88D /* EditProfileViewController.swift */; };
		68C932621EDD296600A872EE /* ChatHistoryViewController.swift in Sources */ = {isa = PBXBuildFile; fileRef = 68C932611EDD296600A872EE /* ChatHistoryViewController.swift */; };
		68C9DB0B1EBCFEA2002A37E2 /* StopDetailsViewController.swift in Sources */ = {isa = PBXBuildFile; fileRef = 68C9DB0A1EBCFEA2002A37E2 /* StopDetailsViewController.swift */; };
/* End PBXBuildFile section */

/* Begin PBXFileReference section */
		680821971E64D1AF00F19570 /* RatingsTableViewCell.swift */ = {isa = PBXFileReference; fileEncoding = 4; lastKnownFileType = sourcecode.swift; path = RatingsTableViewCell.swift; sourceTree = "<group>"; };
		6808219D1E65181F00F19570 /* AccountTableViewCell.swift */ = {isa = PBXFileReference; fileEncoding = 4; lastKnownFileType = sourcecode.swift; path = AccountTableViewCell.swift; sourceTree = "<group>"; };
		680E8EA91E56D5E2000508AF /* WelcomeViewController.swift */ = {isa = PBXFileReference; fileEncoding = 4; lastKnownFileType = sourcecode.swift; path = WelcomeViewController.swift; sourceTree = "<group>"; };
		68190FAD1EA95E8200CB9C79 /* ChatMessageCell.swift */ = {isa = PBXFileReference; fileEncoding = 4; lastKnownFileType = sourcecode.swift; path = ChatMessageCell.swift; sourceTree = "<group>"; };
		682030091E9C7BB5008F1A43 /* Slide.xib */ = {isa = PBXFileReference; fileEncoding = 4; lastKnownFileType = file.xib; path = Slide.xib; sourceTree = "<group>"; };
		6820300C1E9C7BD2008F1A43 /* Slide.swift */ = {isa = PBXFileReference; fileEncoding = 4; lastKnownFileType = sourcecode.swift; path = Slide.swift; sourceTree = "<group>"; };
		6820300E1E9CA058008F1A43 /* DocumentsViewController.swift */ = {isa = PBXFileReference; fileEncoding = 4; lastKnownFileType = sourcecode.swift; path = DocumentsViewController.swift; sourceTree = "<group>"; };
		683BD2FD1E9EC72B0009CC17 /* PopUpViewController.swift */ = {isa = PBXFileReference; fileEncoding = 4; lastKnownFileType = sourcecode.swift; path = PopUpViewController.swift; sourceTree = "<group>"; };
		683DD9EE1E7A1FD1001E48C1 /* InitialResponseViewController.swift */ = {isa = PBXFileReference; fileEncoding = 4; lastKnownFileType = sourcecode.swift; path = InitialResponseViewController.swift; sourceTree = "<group>"; };
		683DD9F01E7A320D001E48C1 /* ProfileViewController.swift */ = {isa = PBXFileReference; fileEncoding = 4; lastKnownFileType = sourcecode.swift; path = ProfileViewController.swift; sourceTree = "<group>"; };
		683FBE4A1E7890FF0018C6B6 /* RespondedViewController.swift */ = {isa = PBXFileReference; fileEncoding = 4; lastKnownFileType = sourcecode.swift; path = RespondedViewController.swift; sourceTree = "<group>"; };
		687E23051EB81E90005BA967 /* RegisterBeaconViewController.swift */ = {isa = PBXFileReference; fileEncoding = 4; lastKnownFileType = sourcecode.swift; path = RegisterBeaconViewController.swift; sourceTree = "<group>"; };
		687E23071EB8FDD9005BA967 /* HomeViewController.swift */ = {isa = PBXFileReference; fileEncoding = 4; lastKnownFileType = sourcecode.swift; path = HomeViewController.swift; sourceTree = "<group>"; };
		688B11D71E566EC200ED2EEF /* CalmStopOfficer.app */ = {isa = PBXFileReference; explicitFileType = wrapper.application; includeInIndex = 0; path = CalmStopOfficer.app; sourceTree = BUILT_PRODUCTS_DIR; };
		688B11DA1E566EC200ED2EEF /* AppDelegate.swift */ = {isa = PBXFileReference; lastKnownFileType = sourcecode.swift; path = AppDelegate.swift; sourceTree = "<group>"; };
		688B11DC1E566EC200ED2EEF /* ViewController.swift */ = {isa = PBXFileReference; lastKnownFileType = sourcecode.swift; path = ViewController.swift; sourceTree = "<group>"; };
		688B11DF1E566EC200ED2EEF /* Base */ = {isa = PBXFileReference; lastKnownFileType = file.storyboard; name = Base; path = Base.lproj/Main.storyboard; sourceTree = "<group>"; };
		688B11E21E566EC200ED2EEF /* CalmStopOfficer.xcdatamodel */ = {isa = PBXFileReference; lastKnownFileType = wrapper.xcdatamodel; path = CalmStopOfficer.xcdatamodel; sourceTree = "<group>"; };
		688B11E41E566EC200ED2EEF /* Assets.xcassets */ = {isa = PBXFileReference; lastKnownFileType = folder.assetcatalog; path = Assets.xcassets; sourceTree = "<group>"; };
		688B11E71E566EC200ED2EEF /* Base */ = {isa = PBXFileReference; lastKnownFileType = file.storyboard; name = Base; path = Base.lproj/LaunchScreen.storyboard; sourceTree = "<group>"; };
		688B11E91E566EC200ED2EEF /* Info.plist */ = {isa = PBXFileReference; lastKnownFileType = text.plist.xml; path = Info.plist; sourceTree = "<group>"; };
		688B11F11E56770100ED2EEF /* SignUpViewController.swift */ = {isa = PBXFileReference; fileEncoding = 4; lastKnownFileType = sourcecode.swift; path = SignUpViewController.swift; sourceTree = "<group>"; };
		688B11F31E568DF300ED2EEF /* GoogleService-Info.plist */ = {isa = PBXFileReference; fileEncoding = 4; lastKnownFileType = text.plist.xml; name = "GoogleService-Info.plist"; path = "../GoogleService-Info.plist"; sourceTree = "<group>"; };
		68966F0C1E57C81900159161 /* AccountViewController.swift */ = {isa = PBXFileReference; fileEncoding = 4; lastKnownFileType = sourcecode.swift; path = AccountViewController.swift; sourceTree = "<group>"; };
		6898B3E61EB2F5730012BD24 /* TableViewCell.swift */ = {isa = PBXFileReference; fileEncoding = 4; lastKnownFileType = sourcecode.swift; path = TableViewCell.swift; sourceTree = "<group>"; };
		6898B3E71EB2F5730012BD24 /* TableViewCell.xib */ = {isa = PBXFileReference; fileEncoding = 4; lastKnownFileType = file.xib; path = TableViewCell.xib; sourceTree = "<group>"; };
		6898B3EA1EB2F9870012BD24 /* StopsTableViewController.swift */ = {isa = PBXFileReference; fileEncoding = 4; lastKnownFileType = sourcecode.swift; path = StopsTableViewController.swift; sourceTree = "<group>"; };
		6898B3ED1EB31FEC0012BD24 /* Stop.swift */ = {isa = PBXFileReference; fileEncoding = 4; lastKnownFileType = sourcecode.swift; path = Stop.swift; sourceTree = "<group>"; };
		68B6F34E1E5CD6E100723C17 /* RatingsViewController.swift */ = {isa = PBXFileReference; fileEncoding = 4; lastKnownFileType = sourcecode.swift; path = RatingsViewController.swift; sourceTree = "<group>"; };
		68C2A1D41EA5B51C006DF652 /* ChatViewController.swift */ = {isa = PBXFileReference; fileEncoding = 4; lastKnownFileType = sourcecode.swift; path = ChatViewController.swift; sourceTree = "<group>"; };
		68C2A1D61EA5D4F6006DF652 /* Message.swift */ = {isa = PBXFileReference; fileEncoding = 4; lastKnownFileType = sourcecode.swift; path = Message.swift; sourceTree = "<group>"; };
		68C866E61EC056E2007BA88D /* EditProfileViewController.swift */ = {isa = PBXFileReference; fileEncoding = 4; lastKnownFileType = sourcecode.swift; path = EditProfileViewController.swift; sourceTree = "<group>"; };
		68C932611EDD296600A872EE /* ChatHistoryViewController.swift */ = {isa = PBXFileReference; fileEncoding = 4; lastKnownFileType = sourcecode.swift; path = ChatHistoryViewController.swift; sourceTree = "<group>"; };
		68C9DB0A1EBCFEA2002A37E2 /* StopDetailsViewController.swift */ = {isa = PBXFileReference; fileEncoding = 4; lastKnownFileType = sourcecode.swift; path = StopDetailsViewController.swift; sourceTree = "<group>"; };
		8D7D7355222F98548E42C1CF /* Pods-CalmStopOfficer.release.xcconfig */ = {isa = PBXFileReference; includeInIndex = 1; lastKnownFileType = text.xcconfig; name = "Pods-CalmStopOfficer.release.xcconfig"; path = "Pods/Target Support Files/Pods-CalmStopOfficer/Pods-CalmStopOfficer.release.xcconfig"; sourceTree = "<group>"; };
		AF1A07AAD817478EB418A812 /* Pods_CalmStopOfficer.framework */ = {isa = PBXFileReference; explicitFileType = wrapper.framework; includeInIndex = 0; path = Pods_CalmStopOfficer.framework; sourceTree = BUILT_PRODUCTS_DIR; };
		DAFE20BE3604D41EA944F86D /* Pods-CalmStopOfficer.debug.xcconfig */ = {isa = PBXFileReference; includeInIndex = 1; lastKnownFileType = text.xcconfig; name = "Pods-CalmStopOfficer.debug.xcconfig"; path = "Pods/Target Support Files/Pods-CalmStopOfficer/Pods-CalmStopOfficer.debug.xcconfig"; sourceTree = "<group>"; };
/* End PBXFileReference section */

/* Begin PBXFrameworksBuildPhase section */
		688B11D41E566EC200ED2EEF /* Frameworks */ = {
			isa = PBXFrameworksBuildPhase;
			buildActionMask = 2147483647;
			files = (
				5DD05F10CEAB269A7AD38DB4 /* Pods_CalmStopOfficer.framework in Frameworks */,
			);
			runOnlyForDeploymentPostprocessing = 0;
		};
/* End PBXFrameworksBuildPhase section */

/* Begin PBXGroup section */
		68190FAC1EA95E3F00CB9C79 /* View */ = {
			isa = PBXGroup;
			children = (
				68190FAD1EA95E8200CB9C79 /* ChatMessageCell.swift */,
				6898B3E61EB2F5730012BD24 /* TableViewCell.swift */,
				6898B3E71EB2F5730012BD24 /* TableViewCell.xib */,
			);
			name = View;
			sourceTree = "<group>";
		};
		682030081E9C7B8F008F1A43 /* SlideView */ = {
			isa = PBXGroup;
			children = (
				682030091E9C7BB5008F1A43 /* Slide.xib */,
				6820300C1E9C7BD2008F1A43 /* Slide.swift */,
			);
			name = SlideView;
			sourceTree = "<group>";
		};
		688B11CE1E566EC200ED2EEF = {
			isa = PBXGroup;
			children = (
				688B11D91E566EC200ED2EEF /* CalmStopOfficer */,
				688B11D81E566EC200ED2EEF /* Products */,
				A427F592CF67366E01359B98 /* Pods */,
				E1B90A4D44658CD95C8CD7C8 /* Frameworks */,
			);
			sourceTree = "<group>";
		};
		688B11D81E566EC200ED2EEF /* Products */ = {
			isa = PBXGroup;
			children = (
				688B11D71E566EC200ED2EEF /* CalmStopOfficer.app */,
			);
			name = Products;
			sourceTree = "<group>";
		};
		688B11D91E566EC200ED2EEF /* CalmStopOfficer */ = {
			isa = PBXGroup;
			children = (
				688B11F31E568DF300ED2EEF /* GoogleService-Info.plist */,
				68A97A951E5F9C9B00106117 /* ViewControllers */,
				688B11DE1E566EC200ED2EEF /* Main.storyboard */,
				688B11E41E566EC200ED2EEF /* Assets.xcassets */,
				688B11E61E566EC200ED2EEF /* LaunchScreen.storyboard */,
				688B11E91E566EC200ED2EEF /* Info.plist */,
				688B11E11E566EC200ED2EEF /* CalmStopOfficer.xcdatamodeld */,
			);
			path = CalmStopOfficer;
			sourceTree = "<group>";
		};
		68A97A951E5F9C9B00106117 /* ViewControllers */ = {
			isa = PBXGroup;
			children = (
				68C2A1D81EA5D572006DF652 /* Model */,
				68190FAC1EA95E3F00CB9C79 /* View */,
				682030081E9C7B8F008F1A43 /* SlideView */,
				688B11DA1E566EC200ED2EEF /* AppDelegate.swift */,
				688B11DC1E566EC200ED2EEF /* ViewController.swift */,
				688B11F11E56770100ED2EEF /* SignUpViewController.swift */,
				680E8EA91E56D5E2000508AF /* WelcomeViewController.swift */,
				687E23071EB8FDD9005BA967 /* HomeViewController.swift */,
				68966F0C1E57C81900159161 /* AccountViewController.swift */,
				68B6F34E1E5CD6E100723C17 /* RatingsViewController.swift */,
				680821971E64D1AF00F19570 /* RatingsTableViewCell.swift */,
				6808219D1E65181F00F19570 /* AccountTableViewCell.swift */,
				683FBE4A1E7890FF0018C6B6 /* RespondedViewController.swift */,
				683DD9EE1E7A1FD1001E48C1 /* InitialResponseViewController.swift */,
				683DD9F01E7A320D001E48C1 /* ProfileViewController.swift */,
				68C866E61EC056E2007BA88D /* EditProfileViewController.swift */,
				6820300E1E9CA058008F1A43 /* DocumentsViewController.swift */,
				683BD2FD1E9EC72B0009CC17 /* PopUpViewController.swift */,
				68C2A1D41EA5B51C006DF652 /* ChatViewController.swift */,
				6898B3EA1EB2F9870012BD24 /* StopsTableViewController.swift */,
				68C9DB0A1EBCFEA2002A37E2 /* StopDetailsViewController.swift */,
				687E23051EB81E90005BA967 /* RegisterBeaconViewController.swift */,
				68C932611EDD296600A872EE /* ChatHistoryViewController.swift */,
			);
			name = ViewControllers;
			sourceTree = "<group>";
		};
		68C2A1D81EA5D572006DF652 /* Model */ = {
			isa = PBXGroup;
			children = (
				68C2A1D61EA5D4F6006DF652 /* Message.swift */,
				6898B3ED1EB31FEC0012BD24 /* Stop.swift */,
			);
			name = Model;
			sourceTree = "<group>";
		};
		A427F592CF67366E01359B98 /* Pods */ = {
			isa = PBXGroup;
			children = (
				DAFE20BE3604D41EA944F86D /* Pods-CalmStopOfficer.debug.xcconfig */,
				8D7D7355222F98548E42C1CF /* Pods-CalmStopOfficer.release.xcconfig */,
			);
			name = Pods;
			sourceTree = "<group>";
		};
		E1B90A4D44658CD95C8CD7C8 /* Frameworks */ = {
			isa = PBXGroup;
			children = (
				AF1A07AAD817478EB418A812 /* Pods_CalmStopOfficer.framework */,
			);
			name = Frameworks;
			sourceTree = "<group>";
		};
/* End PBXGroup section */

/* Begin PBXNativeTarget section */
		688B11D61E566EC200ED2EEF /* CalmStopOfficer */ = {
			isa = PBXNativeTarget;
			buildConfigurationList = 688B11EC1E566EC200ED2EEF /* Build configuration list for PBXNativeTarget "CalmStopOfficer" */;
			buildPhases = (
				0DD940D394C1F6884C70E070 /* [CP] Check Pods Manifest.lock */,
				688B11D31E566EC200ED2EEF /* Sources */,
				688B11D41E566EC200ED2EEF /* Frameworks */,
				688B11D51E566EC200ED2EEF /* Resources */,
				54A5A8A84E3048DEEC087B0E /* [CP] Embed Pods Frameworks */,
				0B843FCAF4305F370F96D0D2 /* [CP] Copy Pods Resources */,
			);
			buildRules = (
			);
			dependencies = (
			);
			name = CalmStopOfficer;
			productName = CalmStopOfficer;
			productReference = 688B11D71E566EC200ED2EEF /* CalmStopOfficer.app */;
			productType = "com.apple.product-type.application";
		};
/* End PBXNativeTarget section */

/* Begin PBXProject section */
		688B11CF1E566EC200ED2EEF /* Project object */ = {
			isa = PBXProject;
			attributes = {
				LastSwiftUpdateCheck = 0820;
				LastUpgradeCheck = 0820;
				ORGANIZATIONNAME = "Douglas MacbookPro";
				TargetAttributes = {
					688B11D61E566EC200ED2EEF = {
						CreatedOnToolsVersion = 8.2.1;
						DevelopmentTeam = 6P29MLAXD8;
						ProvisioningStyle = Automatic;
					};
				};
			};
			buildConfigurationList = 688B11D21E566EC200ED2EEF /* Build configuration list for PBXProject "CalmStopOfficer" */;
			compatibilityVersion = "Xcode 3.2";
			developmentRegion = English;
			hasScannedForEncodings = 0;
			knownRegions = (
				en,
				Base,
			);
			mainGroup = 688B11CE1E566EC200ED2EEF;
			productRefGroup = 688B11D81E566EC200ED2EEF /* Products */;
			projectDirPath = "";
			projectRoot = "";
			targets = (
				688B11D61E566EC200ED2EEF /* CalmStopOfficer */,
			);
		};
/* End PBXProject section */

/* Begin PBXResourcesBuildPhase section */
		688B11D51E566EC200ED2EEF /* Resources */ = {
			isa = PBXResourcesBuildPhase;
			buildActionMask = 2147483647;
			files = (
				6820300A1E9C7BB5008F1A43 /* Slide.xib in Resources */,
				6898B3E91EB2F5730012BD24 /* TableViewCell.xib in Resources */,
				688B11E81E566EC200ED2EEF /* LaunchScreen.storyboard in Resources */,
				688B11F41E568DF300ED2EEF /* GoogleService-Info.plist in Resources */,
				688B11E51E566EC200ED2EEF /* Assets.xcassets in Resources */,
				688B11E01E566EC200ED2EEF /* Main.storyboard in Resources */,
			);
			runOnlyForDeploymentPostprocessing = 0;
		};
/* End PBXResourcesBuildPhase section */

/* Begin PBXShellScriptBuildPhase section */
		0B843FCAF4305F370F96D0D2 /* [CP] Copy Pods Resources */ = {
			isa = PBXShellScriptBuildPhase;
			buildActionMask = 2147483647;
			files = (
			);
			inputPaths = (
			);
			name = "[CP] Copy Pods Resources";
			outputPaths = (
			);
			runOnlyForDeploymentPostprocessing = 0;
			shellPath = /bin/sh;
			shellScript = "\"${SRCROOT}/Pods/Target Support Files/Pods-CalmStopOfficer/Pods-CalmStopOfficer-resources.sh\"\n";
			showEnvVarsInLog = 0;
		};
		0DD940D394C1F6884C70E070 /* [CP] Check Pods Manifest.lock */ = {
			isa = PBXShellScriptBuildPhase;
			buildActionMask = 2147483647;
			files = (
			);
			inputPaths = (
			);
			name = "[CP] Check Pods Manifest.lock";
			outputPaths = (
			);
			runOnlyForDeploymentPostprocessing = 0;
			shellPath = /bin/sh;
			shellScript = "diff \"${PODS_ROOT}/../Podfile.lock\" \"${PODS_ROOT}/Manifest.lock\" > /dev/null\nif [ $? != 0 ] ; then\n    # print error to STDERR\n    echo \"error: The sandbox is not in sync with the Podfile.lock. Run 'pod install' or update your CocoaPods installation.\" >&2\n    exit 1\nfi\n";
			showEnvVarsInLog = 0;
		};
		54A5A8A84E3048DEEC087B0E /* [CP] Embed Pods Frameworks */ = {
			isa = PBXShellScriptBuildPhase;
			buildActionMask = 2147483647;
			files = (
			);
			inputPaths = (
			);
			name = "[CP] Embed Pods Frameworks";
			outputPaths = (
			);
			runOnlyForDeploymentPostprocessing = 0;
			shellPath = /bin/sh;
			shellScript = "\"${SRCROOT}/Pods/Target Support Files/Pods-CalmStopOfficer/Pods-CalmStopOfficer-frameworks.sh\"\n";
			showEnvVarsInLog = 0;
		};
/* End PBXShellScriptBuildPhase section */

/* Begin PBXSourcesBuildPhase section */
		688B11D31E566EC200ED2EEF /* Sources */ = {
			isa = PBXSourcesBuildPhase;
			buildActionMask = 2147483647;
			files = (
				68190FAE1EA95E8200CB9C79 /* ChatMessageCell.swift in Sources */,
				680821981E64D1AF00F19570 /* RatingsTableViewCell.swift in Sources */,
				6898B3EB1EB2F9870012BD24 /* StopsTableViewController.swift in Sources */,
				688B11DD1E566EC200ED2EEF /* ViewController.swift in Sources */,
				683DD9F11E7A320D001E48C1 /* ProfileViewController.swift in Sources */,
				680E8EAA1E56D5E2000508AF /* WelcomeViewController.swift in Sources */,
				687E23081EB8FDD9005BA967 /* HomeViewController.swift in Sources */,
				6808219E1E65181F00F19570 /* AccountTableViewCell.swift in Sources */,
				68C2A1D71EA5D4F6006DF652 /* Message.swift in Sources */,
				68B6F34F1E5CD6E100723C17 /* RatingsViewController.swift in Sources */,
				68966F0D1E57C81900159161 /* AccountViewController.swift in Sources */,
				6820300F1E9CA058008F1A43 /* DocumentsViewController.swift in Sources */,
				6898B3E81EB2F5730012BD24 /* TableViewCell.swift in Sources */,
				68C9DB0B1EBCFEA2002A37E2 /* StopDetailsViewController.swift in Sources */,
				683BD2FE1E9EC72B0009CC17 /* PopUpViewController.swift in Sources */,
				6898B3EE1EB31FEC0012BD24 /* Stop.swift in Sources */,
				6820300D1E9C7BD2008F1A43 /* Slide.swift in Sources */,
				688B11DB1E566EC200ED2EEF /* AppDelegate.swift in Sources */,
				688B11F21E56770100ED2EEF /* SignUpViewController.swift in Sources */,
				687E23061EB81E90005BA967 /* RegisterBeaconViewController.swift in Sources */,
				683DD9EF1E7A1FD1001E48C1 /* InitialResponseViewController.swift in Sources */,
				688B11E31E566EC200ED2EEF /* CalmStopOfficer.xcdatamodeld in Sources */,
				68C2A1D51EA5B51C006DF652 /* ChatViewController.swift in Sources */,
				68C866E71EC056E2007BA88D /* EditProfileViewController.swift in Sources */,
				683FBE4B1E7890FF0018C6B6 /* RespondedViewController.swift in Sources */,
				68C932621EDD296600A872EE /* ChatHistoryViewController.swift in Sources */,
			);
			runOnlyForDeploymentPostprocessing = 0;
		};
/* End PBXSourcesBuildPhase section */

/* Begin PBXVariantGroup section */
		688B11DE1E566EC200ED2EEF /* Main.storyboard */ = {
			isa = PBXVariantGroup;
			children = (
				688B11DF1E566EC200ED2EEF /* Base */,
			);
			name = Main.storyboard;
			sourceTree = "<group>";
		};
		688B11E61E566EC200ED2EEF /* LaunchScreen.storyboard */ = {
			isa = PBXVariantGroup;
			children = (
				688B11E71E566EC200ED2EEF /* Base */,
			);
			name = LaunchScreen.storyboard;
			sourceTree = "<group>";
		};
/* End PBXVariantGroup section */

/* Begin XCBuildConfiguration section */
		688B11EA1E566EC200ED2EEF /* Debug */ = {
			isa = XCBuildConfiguration;
			buildSettings = {
				ALWAYS_SEARCH_USER_PATHS = NO;
				CLANG_ANALYZER_NONNULL = YES;
				CLANG_CXX_LANGUAGE_STANDARD = "gnu++0x";
				CLANG_CXX_LIBRARY = "libc++";
				CLANG_ENABLE_MODULES = YES;
				CLANG_ENABLE_OBJC_ARC = YES;
				CLANG_WARN_BOOL_CONVERSION = YES;
				CLANG_WARN_CONSTANT_CONVERSION = YES;
				CLANG_WARN_DIRECT_OBJC_ISA_USAGE = YES_ERROR;
				CLANG_WARN_DOCUMENTATION_COMMENTS = YES;
				CLANG_WARN_EMPTY_BODY = YES;
				CLANG_WARN_ENUM_CONVERSION = YES;
				CLANG_WARN_INFINITE_RECURSION = YES;
				CLANG_WARN_INT_CONVERSION = YES;
				CLANG_WARN_OBJC_ROOT_CLASS = YES_ERROR;
				CLANG_WARN_SUSPICIOUS_MOVE = YES;
				CLANG_WARN_UNREACHABLE_CODE = YES;
				CLANG_WARN__DUPLICATE_METHOD_MATCH = YES;
				"CODE_SIGN_IDENTITY[sdk=iphoneos*]" = "iPhone Developer";
				COPY_PHASE_STRIP = NO;
				DEBUG_INFORMATION_FORMAT = dwarf;
				ENABLE_STRICT_OBJC_MSGSEND = YES;
				ENABLE_TESTABILITY = YES;
				GCC_C_LANGUAGE_STANDARD = gnu99;
				GCC_DYNAMIC_NO_PIC = NO;
				GCC_NO_COMMON_BLOCKS = YES;
				GCC_OPTIMIZATION_LEVEL = 0;
				GCC_PREPROCESSOR_DEFINITIONS = (
					"DEBUG=1",
					"$(inherited)",
				);
				GCC_WARN_64_TO_32_BIT_CONVERSION = YES;
				GCC_WARN_ABOUT_RETURN_TYPE = YES_ERROR;
				GCC_WARN_UNDECLARED_SELECTOR = YES;
				GCC_WARN_UNINITIALIZED_AUTOS = YES_AGGRESSIVE;
				GCC_WARN_UNUSED_FUNCTION = YES;
				GCC_WARN_UNUSED_VARIABLE = YES;
				IPHONEOS_DEPLOYMENT_TARGET = 10.2;
				MTL_ENABLE_DEBUG_INFO = YES;
				ONLY_ACTIVE_ARCH = YES;
				SDKROOT = iphoneos;
				SWIFT_ACTIVE_COMPILATION_CONDITIONS = DEBUG;
				SWIFT_OPTIMIZATION_LEVEL = "-Onone";
				TARGETED_DEVICE_FAMILY = "1,2";
			};
			name = Debug;
		};
		688B11EB1E566EC200ED2EEF /* Release */ = {
			isa = XCBuildConfiguration;
			buildSettings = {
				ALWAYS_SEARCH_USER_PATHS = NO;
				CLANG_ANALYZER_NONNULL = YES;
				CLANG_CXX_LANGUAGE_STANDARD = "gnu++0x";
				CLANG_CXX_LIBRARY = "libc++";
				CLANG_ENABLE_MODULES = YES;
				CLANG_ENABLE_OBJC_ARC = YES;
				CLANG_WARN_BOOL_CONVERSION = YES;
				CLANG_WARN_CONSTANT_CONVERSION = YES;
				CLANG_WARN_DIRECT_OBJC_ISA_USAGE = YES_ERROR;
				CLANG_WARN_DOCUMENTATION_COMMENTS = YES;
				CLANG_WARN_EMPTY_BODY = YES;
				CLANG_WARN_ENUM_CONVERSION = YES;
				CLANG_WARN_INFINITE_RECURSION = YES;
				CLANG_WARN_INT_CONVERSION = YES;
				CLANG_WARN_OBJC_ROOT_CLASS = YES_ERROR;
				CLANG_WARN_SUSPICIOUS_MOVE = YES;
				CLANG_WARN_UNREACHABLE_CODE = YES;
				CLANG_WARN__DUPLICATE_METHOD_MATCH = YES;
				"CODE_SIGN_IDENTITY[sdk=iphoneos*]" = "iPhone Developer";
				COPY_PHASE_STRIP = NO;
				DEBUG_INFORMATION_FORMAT = "dwarf-with-dsym";
				ENABLE_NS_ASSERTIONS = NO;
				ENABLE_STRICT_OBJC_MSGSEND = YES;
				GCC_C_LANGUAGE_STANDARD = gnu99;
				GCC_NO_COMMON_BLOCKS = YES;
				GCC_WARN_64_TO_32_BIT_CONVERSION = YES;
				GCC_WARN_ABOUT_RETURN_TYPE = YES_ERROR;
				GCC_WARN_UNDECLARED_SELECTOR = YES;
				GCC_WARN_UNINITIALIZED_AUTOS = YES_AGGRESSIVE;
				GCC_WARN_UNUSED_FUNCTION = YES;
				GCC_WARN_UNUSED_VARIABLE = YES;
				IPHONEOS_DEPLOYMENT_TARGET = 10.2;
				MTL_ENABLE_DEBUG_INFO = NO;
				SDKROOT = iphoneos;
				SWIFT_OPTIMIZATION_LEVEL = "-Owholemodule";
				TARGETED_DEVICE_FAMILY = "1,2";
				VALIDATE_PRODUCT = YES;
			};
			name = Release;
		};
		688B11ED1E566EC200ED2EEF /* Debug */ = {
			isa = XCBuildConfiguration;
			baseConfigurationReference = DAFE20BE3604D41EA944F86D /* Pods-CalmStopOfficer.debug.xcconfig */;
			buildSettings = {
				ASSETCATALOG_COMPILER_APPICON_NAME = AppIcon;
				DEVELOPMENT_TEAM = 6P29MLAXD8;
				INFOPLIST_FILE = CalmStopOfficer/Info.plist;
				LD_RUNPATH_SEARCH_PATHS = "$(inherited) @executable_path/Frameworks";
				PRODUCT_BUNDLE_IDENTIFIER = com.douglassilva.CalmStopOfficer;
				PRODUCT_NAME = "$(TARGET_NAME)";
				SWIFT_VERSION = 3.0;
			};
			name = Debug;
		};
		688B11EE1E566EC200ED2EEF /* Release */ = {
			isa = XCBuildConfiguration;
			baseConfigurationReference = 8D7D7355222F98548E42C1CF /* Pods-CalmStopOfficer.release.xcconfig */;
			buildSettings = {
				ASSETCATALOG_COMPILER_APPICON_NAME = AppIcon;
				DEVELOPMENT_TEAM = 6P29MLAXD8;
				INFOPLIST_FILE = CalmStopOfficer/Info.plist;
				LD_RUNPATH_SEARCH_PATHS = "$(inherited) @executable_path/Frameworks";
				PRODUCT_BUNDLE_IDENTIFIER = com.douglassilva.CalmStopOfficer;
				PRODUCT_NAME = "$(TARGET_NAME)";
				SWIFT_VERSION = 3.0;
			};
			name = Release;
		};
/* End XCBuildConfiguration section */

/* Begin XCConfigurationList section */
		688B11D21E566EC200ED2EEF /* Build configuration list for PBXProject "CalmStopOfficer" */ = {
			isa = XCConfigurationList;
			buildConfigurations = (
				688B11EA1E566EC200ED2EEF /* Debug */,
				688B11EB1E566EC200ED2EEF /* Release */,
			);
			defaultConfigurationIsVisible = 0;
			defaultConfigurationName = Release;
		};
		688B11EC1E566EC200ED2EEF /* Build configuration list for PBXNativeTarget "CalmStopOfficer" */ = {
			isa = XCConfigurationList;
			buildConfigurations = (
				688B11ED1E566EC200ED2EEF /* Debug */,
				688B11EE1E566EC200ED2EEF /* Release */,
			);
			defaultConfigurationIsVisible = 0;
			defaultConfigurationName = Release;
		};
/* End XCConfigurationList section */

/* Begin XCVersionGroup section */
		688B11E11E566EC200ED2EEF /* CalmStopOfficer.xcdatamodeld */ = {
			isa = XCVersionGroup;
			children = (
				688B11E21E566EC200ED2EEF /* CalmStopOfficer.xcdatamodel */,
			);
			currentVersion = 688B11E21E566EC200ED2EEF /* CalmStopOfficer.xcdatamodel */;
			path = CalmStopOfficer.xcdatamodeld;
			sourceTree = "<group>";
			versionGroupType = wrapper.xcdatamodel;
		};
/* End XCVersionGroup section */
	};
	rootObject = 688B11CF1E566EC200ED2EEF /* Project object */;
}
